
Microsoft Visual Studio Solution File, Format Version 12.00
# Visual Studio Version 17
VisualStudioVersion = 17.1.32319.34
MinimumVisualStudioVersion = 10.0.40219.1
Project("{2150E333-8FDC-42A3-9474-1A3956D46DE8}") = "Services", "Services", "{B8E26578-5636-4AE2-BF5A-F87B47121C77}"
EndProject
Project("{FAE04EC0-301F-11D3-BF4B-00C04F79EFBC}") = "Customer.Services.ContactAPI", "Customer.Services.ContactAPI\Customer.Services.ContactAPI.csproj", "{3D963DEE-28A3-4913-BB63-960A2A7A2DFC}"
EndProject
Global
	GlobalSection(SolutionConfigurationPlatforms) = preSolution
		Debug|Any CPU = Debug|Any CPU
		Release|Any CPU = Release|Any CPU
	EndGlobalSection
	GlobalSection(ProjectConfigurationPlatforms) = postSolution
		{3D963DEE-28A3-4913-BB63-960A2A7A2DFC}.Debug|Any CPU.ActiveCfg = Debug|Any CPU
		{3D963DEE-28A3-4913-BB63-960A2A7A2DFC}.Debug|Any CPU.Build.0 = Debug|Any CPU
		{3D963DEE-28A3-4913-BB63-960A2A7A2DFC}.Release|Any CPU.ActiveCfg = Release|Any CPU
		{3D963DEE-28A3-4913-BB63-960A2A7A2DFC}.Release|Any CPU.Build.0 = Release|Any CPU
	EndGlobalSection
	GlobalSection(SolutionProperties) = preSolution
		HideSolutionNode = FALSE
	EndGlobalSection
	GlobalSection(NestedProjects) = preSolution
		{3D963DEE-28A3-4913-BB63-960A2A7A2DFC} = {B8E26578-5636-4AE2-BF5A-F87B47121C77}
	EndGlobalSection
	GlobalSection(ExtensibilityGlobals) = postSolution
		SolutionGuid = {8496BAE0-4508-416D-9BC0-4DDFE0A3FA4D}
	EndGlobalSection
EndGlobal
